
Microsoft Visual Studio Solution File, Format Version 12.00
# Visual Studio 15
VisualStudioVersion = 15.0.28307.168
MinimumVisualStudioVersion = 10.0.40219.1
Project("{FAE04EC0-301F-11D3-BF4B-00C04F79EFBC}") = "Test-0-1-0", "Test-0-1-0\Test-0-1-0.csproj", "{CCC53C9C-0770-46D5-B083-0D018803C472}"
EndProject
Global
	GlobalSection(SolutionConfigurationPlatforms) = preSolution
		Debug|Any CPU = Debug|Any CPU
		Release|Any CPU = Release|Any CPU
	EndGlobalSection
	GlobalSection(ProjectConfigurationPlatforms) = postSolution
		{CCC53C9C-0770-46D5-B083-0D018803C472}.Debug|Any CPU.ActiveCfg = Debug|Any CPU
		{CCC53C9C-0770-46D5-B083-0D018803C472}.Debug|Any CPU.Build.0 = Debug|Any CPU
		{CCC53C9C-0770-46D5-B083-0D018803C472}.Release|Any CPU.ActiveCfg = Release|Any CPU
		{CCC53C9C-0770-46D5-B083-0D018803C472}.Release|Any CPU.Build.0 = Release|Any CPU
	EndGlobalSection
	GlobalSection(SolutionProperties) = preSolution
		HideSolutionNode = FALSE
	EndGlobalSection
	GlobalSection(ExtensibilityGlobals) = postSolution
		SolutionGuid = {0955A53E-3423-4DB0-B7E1-DB463AA6C290}
	EndGlobalSection
EndGlobal
